{
  "requires": true,
  "lockfileVersion": 1,
  "dependencies": {
    "@azure/msal-browser": {
      "version": "2.14.2",
      "resolved": "https://registry.npmjs.org/@azure/msal-browser/-/msal-browser-2.14.2.tgz",
      "integrity": "sha512-JKHE9Rer41CI8tweiyE91M8ZbGvQV9P+jOPB4ZtPxyxCi2f7ED3jNfdzyUJ1eGB+hCRnvO56M1Xc61T1R+JfYg==",
      "requires": {
        "@azure/msal-common": "^4.3.0"
      }
    },
    "@azure/msal-common": {
      "version": "4.3.0",
      "resolved": "https://registry.npmjs.org/@azure/msal-common/-/msal-common-4.3.0.tgz",
      "integrity": "sha512-jFqUWe83wVb6O8cNGGBFg2QlKvqM1ezUgJTEV7kIsAPX0RXhGFE4B1DLNt6hCnkTXDbw+KGW0zgxOEr4MJQwLw==",
      "requires": {
        "debug": "^4.1.1"
      }
    },
    "@babel/runtime": {
      "version": "7.14.0",
      "resolved": "https://registry.npmjs.org/@babel/runtime/-/runtime-7.14.0.tgz",
      "integrity": "sha512-JELkvo/DlpNdJ7dlyw/eY7E0suy5i5GQH+Vlxaq1nsNJ+H7f4Vtv3jMeCEgRhZZQFXTjldYfQgv2qmM6M1v5wA==",
      "requires": {
        "regenerator-runtime": "^0.13.4"
      }
    },
    "@microsoft/mgt": {
      "version": "2.2.0",
      "resolved": "https://registry.npmjs.org/@microsoft/mgt/-/mgt-2.2.0.tgz",
      "integrity": "sha512-W4NWgcfNOr8q7rRoxHKjIBUjxqRBArzDcKYy5g9HxK/68pKmq+7MTZWK9G46mmVHE1nu1zOqef1U+F2UgsCg/A==",
      "requires": {
        "@microsoft/mgt-components": "2.2.0",
        "@microsoft/mgt-element": "2.2.0",
        "@microsoft/mgt-msal-provider": "2.2.0",
        "@microsoft/mgt-msal2-provider": "2.2.0",
        "@microsoft/mgt-proxy-provider": "2.2.0",
        "@microsoft/mgt-sharepoint-provider": "2.2.0",
        "@microsoft/mgt-teams-provider": "2.2.0"
      }
    },
    "@microsoft/mgt-components": {
      "version": "2.2.0",
      "resolved": "https://registry.npmjs.org/@microsoft/mgt-components/-/mgt-components-2.2.0.tgz",
      "integrity": "sha512-X5jk9iIYvGCZwuLxT1WnXr8hPkR7ddgvxe+TtFBO/y0YyjiyqXQc5/cDdQrYNMypJGgM8paJ5hjP1VRXDJ8jCQ==",
      "requires": {
        "@microsoft/mgt-element": "2.2.0",
        "@microsoft/microsoft-graph-client": "^2.2.1",
        "@microsoft/microsoft-graph-types": "^1.36.0",
        "@microsoft/microsoft-graph-types-beta": "^0.7.0-preview",
        "office-ui-fabric-core": "11.0.0"
      }
    },
    "@microsoft/mgt-element": {
      "version": "2.2.0",
      "resolved": "https://registry.npmjs.org/@microsoft/mgt-element/-/mgt-element-2.2.0.tgz",
      "integrity": "sha512-tlh9t3g0odKTGBVz681FgiI6Ti49g2VDuun3+9uYs8pNTDvOXdbuqcZJvbqnlGMLOfHFkMI6UNG/rymx8hQ4lQ==",
      "requires": {
        "@microsoft/microsoft-graph-client": "^2.2.1",
        "idb": "6.0.0",
        "lit-element": "^2.4.0"
      }
    },
    "@microsoft/mgt-msal-provider": {
      "version": "2.2.0",
      "resolved": "https://registry.npmjs.org/@microsoft/mgt-msal-provider/-/mgt-msal-provider-2.2.0.tgz",
      "integrity": "sha512-RNem+ZawjKA0Pb09o+6Pj6gYifr4asFSavn1/5vQC2sjUDQcsy3/YmzenWLwesq2vTYfxTNKIJchO/xgJXgjeA==",
      "requires": {
        "@microsoft/mgt-element": "2.2.0",
        "@microsoft/microsoft-graph-client": "^2.2.1",
        "msal": "^1.4.10"
      }
    },
    "@microsoft/mgt-msal2-provider": {
      "version": "2.2.0",
      "resolved": "https://registry.npmjs.org/@microsoft/mgt-msal2-provider/-/mgt-msal2-provider-2.2.0.tgz",
      "integrity": "sha512-7XftnJFdMWlV6LzLiPCEmZZNvGojzs3+yRNHR6tfUAscfEwiEa4OscVPCs/M2qoDFBht2kDL0F5SRbWkZf64Pg==",
      "requires": {
        "@azure/msal-browser": "^2.14.1",
        "@microsoft/mgt-element": "2.2.0",
        "@microsoft/microsoft-graph-client": "^2.2.1"
      }
    },
    "@microsoft/mgt-proxy-provider": {
      "version": "2.2.0",
      "resolved": "https://registry.npmjs.org/@microsoft/mgt-proxy-provider/-/mgt-proxy-provider-2.2.0.tgz",
      "integrity": "sha512-riJtGGZBJ5KgU4faMzEOHZYfGWHn5QDqvFAIpi8QZoSO1yJZfPJMRp5urfr5GjY2PBcitGjMuX79i/fdVX25WQ==",
      "requires": {
        "@microsoft/mgt-element": "2.2.0",
        "@microsoft/microsoft-graph-client": "^2.2.1"
      }
    },
    "@microsoft/mgt-react": {
      "version": "2.2.0",
      "resolved": "https://registry.npmjs.org/@microsoft/mgt-react/-/mgt-react-2.2.0.tgz",
      "integrity": "sha512-Xpdy/69rW0iLIpyBW5nlyQnLI/GOiH40nRFU4jHRGXJaEfKKjZ33WO2fozoSD9J+6nYGAw4NbCiMnCugpQgb5A==",
      "requires": {
        "@microsoft/mgt-components": "2.2.0",
        "@microsoft/mgt-element": "2.2.0",
        "@microsoft/microsoft-graph-types": "^1.36.0",
        "@microsoft/microsoft-graph-types-beta": "^0.7.0-preview",
        "wc-react": "^0.5.0"
      }
    },
    "@microsoft/mgt-sharepoint-provider": {
      "version": "2.2.0",
      "resolved": "https://registry.npmjs.org/@microsoft/mgt-sharepoint-provider/-/mgt-sharepoint-provider-2.2.0.tgz",
      "integrity": "sha512-cq/Sf1Z6JzYzPA+TEw8ckqVodAlN1Cqd/QK/k4nWx7++4H+aCnQiziGUGHVzQP4E4eIiE9ByExOz0WiLYsCu6A==",
      "requires": {
        "@microsoft/mgt-element": "2.2.0"
      }
    },
    "@microsoft/mgt-teams-provider": {
      "version": "2.2.0",
      "resolved": "https://registry.npmjs.org/@microsoft/mgt-teams-provider/-/mgt-teams-provider-2.2.0.tgz",
      "integrity": "sha512-fgHdxgNV7l7aTdz8rmWijhsiJmggNR3VpJgBdls3LPmC1XsOELJF/aOI5W/2K66PNYcKzZoxAZPL+zzY+Gea7A==",
      "requires": {
        "@microsoft/mgt-element": "2.2.0",
        "@microsoft/mgt-msal-provider": "2.2.0",
        "@microsoft/microsoft-graph-client": "^2.2.1",
        "msal": "^1.4.10"
      }
    },
    "@microsoft/microsoft-graph-client": {
      "version": "2.2.1",
      "resolved": "https://registry.npmjs.org/@microsoft/microsoft-graph-client/-/microsoft-graph-client-2.2.1.tgz",
      "integrity": "sha512-fbDN3UJ+jtSP9llAejqmslMcv498YuIrS3OS/Luivb8OSjdUESZKdP0gcUunnuNIayePVT0/bGYSJTzAIptJQQ==",
      "requires": {
        "@babel/runtime": "^7.4.4",
        "msal": "^1.4.4",
        "tslib": "^1.9.3"
      }
    },
    "@microsoft/microsoft-graph-types": {
      "version": "1.39.0",
      "resolved": "https://registry.npmjs.org/@microsoft/microsoft-graph-types/-/microsoft-graph-types-1.39.0.tgz",
      "integrity": "sha512-ZqtrSs7S6WASvgbw3D+1QRv8COjs+GG/rq8aK4cdLPDCSs1t4VBlViCV9TRBhRahZ1W0CEi6Y446X+lv782cWQ=="
    },
    "@microsoft/microsoft-graph-types-beta": {
      "version": "0.7.0-preview",
      "resolved": "https://registry.npmjs.org/@microsoft/microsoft-graph-types-beta/-/microsoft-graph-types-beta-0.7.0-preview.tgz",
      "integrity": "sha512-yGsFq91LoLelDv4EMABnd4PeMZAsMKm5FieRf2OejOMlXEcemky8oQyIzo90SvH2xq62+PJgn41l/6NxerFY/w=="
    },
    "debug": {
      "version": "4.3.1",
      "resolved": "https://registry.npmjs.org/debug/-/debug-4.3.1.tgz",
      "integrity": "sha512-doEwdvm4PCeK4K3RQN2ZC2BYUBaxwLARCqZmMjtF8a51J2Rb0xpVloFRnCODwqjpwnAoao4pelN8l3RJdv3gRQ==",
      "requires": {
        "ms": "2.1.2"
      }
    },
    "idb": {
      "version": "6.0.0",
      "resolved": "https://registry.npmjs.org/idb/-/idb-6.0.0.tgz",
      "integrity": "sha512-+M367poGtpzAylX4pwcrZIa7cFQLfNkAOlMMLN2kw/2jGfJP6h+TB/unQNSVYwNtP8XqkLYrfuiVnxLQNP1tjA=="
    },
    "lit-element": {
      "version": "2.5.1",
      "resolved": "https://registry.npmjs.org/lit-element/-/lit-element-2.5.1.tgz",
      "integrity": "sha512-ogu7PiJTA33bEK0xGu1dmaX5vhcRjBXCFexPja0e7P7jqLhTpNKYRPmE+GmiCaRVAbiQKGkUgkh/i6+bh++dPQ==",
      "requires": {
        "lit-html": "^1.1.1"
      }
    },
    "lit-html": {
      "version": "1.4.1",
      "resolved": "https://registry.npmjs.org/lit-html/-/lit-html-1.4.1.tgz",
      "integrity": "sha512-B9btcSgPYb1q4oSOb/PrOT6Z/H+r6xuNzfH4lFli/AWhYwdtrgQkQWBbIc6mdnf6E2IL3gDXdkkqNktpU0OZQA=="
    },
    "ms": {
      "version": "2.1.2",
      "resolved": "https://registry.npmjs.org/ms/-/ms-2.1.2.tgz",
      "integrity": "sha512-sGkPx+VjMtmA6MX27oA4FBFELFCZZ4S4XqeGOXCv68tT+jb3vk/RyaKWP0PTKyWtmLSM0b+adUTEvbs1PEaH2w=="
    },
    "msal": {
      "version": "1.4.11",
      "resolved": "https://registry.npmjs.org/msal/-/msal-1.4.11.tgz",
      "integrity": "sha512-8vW5/+irlcQQk87r8Qp3/kQEc552hr7FQLJ6GF5LLkqnwJDDxrswz6RYPiQhmiampymIs0PbHVZrNf8m+6DmgQ==",
      "requires": {
        "tslib": "^1.9.3"
      }
    },
    "office-ui-fabric-core": {
      "version": "11.0.0",
      "resolved": "https://registry.npmjs.org/office-ui-fabric-core/-/office-ui-fabric-core-11.0.0.tgz",
      "integrity": "sha512-K6+KGnBXXjfSxxZpp+4oDXVLgUc//7OnXrn8F08VoJnGhEz27WUf4ZuMa32SjGoqirWlb4JlKkXbOpC9cis6dQ=="
    },
    "regenerator-runtime": {
      "version": "0.13.7",
      "resolved": "https://registry.npmjs.org/regenerator-runtime/-/regenerator-runtime-0.13.7.tgz",
      "integrity": "sha512-a54FxoJDIr27pgf7IgeQGxmqUNYrcV338lf/6gH456HZ/PhX+5BcwHXG9ajESmwe6WRO0tAzRUrRmNONWgkrew=="
    },
    "tslib": {
      "version": "1.14.1",
      "resolved": "https://registry.npmjs.org/tslib/-/tslib-1.14.1.tgz",
      "integrity": "sha512-Xni35NKzjgMrwevysHTCArtLDpPvye8zV/0E4EyYn43P7/7qvQwPh9BGkHewbMulVntbigmcT7rdX3BNo9wRJg=="
    },
    "wc-react": {
      "version": "0.5.0",
      "resolved": "https://registry.npmjs.org/wc-react/-/wc-react-0.5.0.tgz",
      "integrity": "sha512-3c4KzBArlfCqCYqY8hoJAIvxmzpWvoQqsOmy9OiwbnopSTE270i3R+LVD7NjE00UJkjXq7kmhobnx0qhi/eOrA=="
    }
  }
}
